// !$*UTF8*$!
{
	archiveVersion = 1;
	classes = {
	};
	objectVersion = 50;
	objects = {

/* Begin PBXBuildFile section */
		C513C2F423FBA0CD00701263 /* Makefile in Sources */ = {isa = PBXBuildFile; fileRef = C513C2F323FBA0CD00701263 /* Makefile */; };
/* End PBXBuildFile section */

/* Begin PBXCopyFilesBuildPhase section */
		C500E18D23F105C40054B225 /* CopyFiles */ = {
			isa = PBXCopyFilesBuildPhase;
			buildActionMask = 2147483647;
			dstPath = /usr/share/man/man1/;
			dstSubfolderSpec = 0;
			files = (
			);
			runOnlyForDeploymentPostprocessing = 1;
		};
/* End PBXCopyFilesBuildPhase section */

/* Begin PBXFileReference section */
		C500E18F23F105C40054B225 /* Project 2 */ = {isa = PBXFileReference; explicitFileType = "compiled.mach-o.executable"; includeInIndex = 0; path = "Project 2"; sourceTree = BUILT_PRODUCTS_DIR; };
		C500E19F23F106640054B225 /* P2random.h */ = {isa = PBXFileReference; fileEncoding = 4; lastKnownFileType = sourcecode.c.h; name = P2random.h; path = "P2-starter-Mac-Unix/P2random.h"; sourceTree = SOURCE_ROOT; };
		C500E1A123F106640054B225 /* README-starter.txt */ = {isa = PBXFileReference; fileEncoding = 4; lastKnownFileType = text; name = "README-starter.txt"; path = "P2-starter-Mac-Unix/README-starter.txt"; sourceTree = SOURCE_ROOT; };
		C500E1A523F1074A0054B225 /* market.cpp */ = {isa = PBXFileReference; fileEncoding = 4; lastKnownFileType = sourcecode.cpp.cpp; name = market.cpp; path = "P2-starter-Mac-Unix/market.cpp"; sourceTree = SOURCE_ROOT; };
		C500E1A723F10C430054B225 /* market.h */ = {isa = PBXFileReference; lastKnownFileType = sourcecode.c.h; name = market.h; path = "P2-starter-Mac-Unix/market.h"; sourceTree = SOURCE_ROOT; };
		C500E1A823F10CAA0054B225 /* xcode_redirect.hpp */ = {isa = PBXFileReference; fileEncoding = 4; lastKnownFileType = sourcecode.cpp.h; path = xcode_redirect.hpp; sourceTree = "<group>"; };
		C513C2F323FBA0CD00701263 /* Makefile */ = {isa = PBXFileReference; fileEncoding = 4; lastKnownFileType = sourcecode.make; path = Makefile; sourceTree = "<group>"; };
		C513C2F523FC607D00701263 /* Small-output-i.txt */ = {isa = PBXFileReference; fileEncoding = 4; lastKnownFileType = text; path = "Small-output-i.txt"; sourceTree = "<group>"; };
		C513C2F623FC607E00701263 /* Large-output-t.txt */ = {isa = PBXFileReference; fileEncoding = 4; lastKnownFileType = text; path = "Large-output-t.txt"; sourceTree = "<group>"; };
		C513C2F723FC607E00701263 /* Small-input-PR.txt */ = {isa = PBXFileReference; fileEncoding = 4; lastKnownFileType = text; path = "Small-input-PR.txt"; sourceTree = "<group>"; };
		C513C2F823FC607E00701263 /* Large-input-PR.txt */ = {isa = PBXFileReference; fileEncoding = 4; lastKnownFileType = text; path = "Large-input-PR.txt"; sourceTree = "<group>"; };
		C513C2F923FC607E00701263 /* Spec-input-PR.txt */ = {isa = PBXFileReference; fileEncoding = 4; lastKnownFileType = text; path = "Spec-input-PR.txt"; sourceTree = "<group>"; };
		C513C2FA23FC607E00701263 /* Small-output-v.txt */ = {isa = PBXFileReference; fileEncoding = 4; lastKnownFileType = text; path = "Small-output-v.txt"; sourceTree = "<group>"; };
		C513C2FB23FC607E00701263 /* Large-output-all.txt */ = {isa = PBXFileReference; fileEncoding = 4; lastKnownFileType = text; path = "Large-output-all.txt"; sourceTree = "<group>"; };
		C513C2FC23FC607E00701263 /* Spec-output-i.txt */ = {isa = PBXFileReference; fileEncoding = 4; lastKnownFileType = text; path = "Spec-output-i.txt"; sourceTree = "<group>"; };
		C513C2FD23FC607E00701263 /* Spec-output-v.txt */ = {isa = PBXFileReference; fileEncoding = 4; lastKnownFileType = text; path = "Spec-output-v.txt"; sourceTree = "<group>"; };
		C513C2FE23FC607E00701263 /* Small-input-TL.txt */ = {isa = PBXFileReference; fileEncoding = 4; lastKnownFileType = text; path = "Small-input-TL.txt"; sourceTree = "<group>"; };
		C513C2FF23FC607E00701263 /* Large-output-m.txt */ = {isa = PBXFileReference; fileEncoding = 4; lastKnownFileType = text; path = "Large-output-m.txt"; sourceTree = "<group>"; };
		C513C30023FC607E00701263 /* Small-output-m.txt */ = {isa = PBXFileReference; fileEncoding = 4; lastKnownFileType = text; path = "Small-output-m.txt"; sourceTree = "<group>"; };
		C513C30123FC607E00701263 /* Spec-output-all.txt */ = {isa = PBXFileReference; fileEncoding = 4; lastKnownFileType = text; path = "Spec-output-all.txt"; sourceTree = "<group>"; };
		C513C30223FC607E00701263 /* README.txt */ = {isa = PBXFileReference; fileEncoding = 4; lastKnownFileType = text; path = README.txt; sourceTree = "<group>"; };
		C513C30323FC607F00701263 /* Small-output-t.txt */ = {isa = PBXFileReference; fileEncoding = 4; lastKnownFileType = text; path = "Small-output-t.txt"; sourceTree = "<group>"; };
		C513C30423FC607F00701263 /* Spec-input-TL.txt */ = {isa = PBXFileReference; fileEncoding = 4; lastKnownFileType = text; path = "Spec-input-TL.txt"; sourceTree = "<group>"; };
		C513C30523FC607F00701263 /* Small-output-all.txt */ = {isa = PBXFileReference; fileEncoding = 4; lastKnownFileType = text; path = "Small-output-all.txt"; sourceTree = "<group>"; };
		C513C30623FC607F00701263 /* Large-output-v.txt */ = {isa = PBXFileReference; fileEncoding = 4; lastKnownFileType = text; path = "Large-output-v.txt"; sourceTree = "<group>"; };
		C513C30723FC607F00701263 /* Large-input-TL.txt */ = {isa = PBXFileReference; fileEncoding = 4; lastKnownFileType = text; path = "Large-input-TL.txt"; sourceTree = "<group>"; };
		C513C30823FC607F00701263 /* Large-output-i.txt */ = {isa = PBXFileReference; fileEncoding = 4; lastKnownFileType = text; path = "Large-output-i.txt"; sourceTree = "<group>"; };
		C513C30923FC607F00701263 /* Spec-output-m.txt */ = {isa = PBXFileReference; fileEncoding = 4; lastKnownFileType = text; path = "Spec-output-m.txt"; sourceTree = "<group>"; };
		C513C30A23FC607F00701263 /* Spec-output-t.txt */ = {isa = PBXFileReference; fileEncoding = 4; lastKnownFileType = text; path = "Spec-output-t.txt"; sourceTree = "<group>"; };
/* End PBXFileReference section */

/* Begin PBXFrameworksBuildPhase section */
		C500E18C23F105C40054B225 /* Frameworks */ = {
			isa = PBXFrameworksBuildPhase;
			buildActionMask = 2147483647;
			files = (
			);
			runOnlyForDeploymentPostprocessing = 0;
		};
/* End PBXFrameworksBuildPhase section */

/* Begin PBXGroup section */
		C500E18623F105C40054B225 = {
			isa = PBXGroup;
			children = (
				C500E19123F105C40054B225 /* Project 2 */,
				C500E19023F105C40054B225 /* Products */,
			);
			sourceTree = "<group>";
		};
		C500E19023F105C40054B225 /* Products */ = {
			isa = PBXGroup;
			children = (
				C500E18F23F105C40054B225 /* Project 2 */,
			);
			name = Products;
			sourceTree = "<group>";
		};
		C500E19123F105C40054B225 /* Project 2 */ = {
			isa = PBXGroup;
			children = (
				C500E1A523F1074A0054B225 /* market.cpp */,
				C500E1A723F10C430054B225 /* market.h */,
				C500E1A823F10CAA0054B225 /* xcode_redirect.hpp */,
				C513C2F323FBA0CD00701263 /* Makefile */,
				C513C2F823FC607E00701263 /* Large-input-PR.txt */,
				C513C30723FC607F00701263 /* Large-input-TL.txt */,
				C513C2FB23FC607E00701263 /* Large-output-all.txt */,
				C513C30823FC607F00701263 /* Large-output-i.txt */,
				C513C2FF23FC607E00701263 /* Large-output-m.txt */,
				C513C2F623FC607E00701263 /* Large-output-t.txt */,
				C513C30623FC607F00701263 /* Large-output-v.txt */,
				C513C30223FC607E00701263 /* README.txt */,
				C513C2F723FC607E00701263 /* Small-input-PR.txt */,
				C513C2FE23FC607E00701263 /* Small-input-TL.txt */,
				C513C30523FC607F00701263 /* Small-output-all.txt */,
				C513C2F523FC607D00701263 /* Small-output-i.txt */,
				C513C30023FC607E00701263 /* Small-output-m.txt */,
				C513C30323FC607F00701263 /* Small-output-t.txt */,
				C513C2FA23FC607E00701263 /* Small-output-v.txt */,
				C513C2F923FC607E00701263 /* Spec-input-PR.txt */,
				C513C30423FC607F00701263 /* Spec-input-TL.txt */,
				C513C30123FC607E00701263 /* Spec-output-all.txt */,
				C513C2FC23FC607E00701263 /* Spec-output-i.txt */,
				C513C30923FC607F00701263 /* Spec-output-m.txt */,
				C513C30A23FC607F00701263 /* Spec-output-t.txt */,
				C513C2FD23FC607E00701263 /* Spec-output-v.txt */,
				C500E1A123F106640054B225 /* README-starter.txt */,
				C500E19F23F106640054B225 /* P2random.h */,
			);
			path = "Project 2";
			sourceTree = "<group>";
		};
/* End PBXGroup section */

/* Begin PBXNativeTarget section */
		C500E18E23F105C40054B225 /* Project 2 */ = {
			isa = PBXNativeTarget;
			buildConfigurationList = C500E19623F105C40054B225 /* Build configuration list for PBXNativeTarget "Project 2" */;
			buildPhases = (
				C500E18B23F105C40054B225 /* Sources */,
				C500E18C23F105C40054B225 /* Frameworks */,
				C500E18D23F105C40054B225 /* CopyFiles */,
			);
			buildRules = (
			);
			dependencies = (
			);
			name = "Project 2";
			productName = "Project 2";
			productReference = C500E18F23F105C40054B225 /* Project 2 */;
			productType = "com.apple.product-type.tool";
		};
/* End PBXNativeTarget section */

/* Begin PBXProject section */
		C500E18723F105C40054B225 /* Project object */ = {
			isa = PBXProject;
			attributes = {
				LastUpgradeCheck = 1030;
				ORGANIZATIONNAME = "Michelle Figueroa";
				TargetAttributes = {
					C500E18E23F105C40054B225 = {
						CreatedOnToolsVersion = 10.3;
					};
				};
			};
			buildConfigurationList = C500E18A23F105C40054B225 /* Build configuration list for PBXProject "Project 2" */;
			compatibilityVersion = "Xcode 9.3";
			developmentRegion = en;
			hasScannedForEncodings = 0;
			knownRegions = (
				en,
			);
			mainGroup = C500E18623F105C40054B225;
			productRefGroup = C500E19023F105C40054B225 /* Products */;
			projectDirPath = "";
			projectRoot = "";
			targets = (
				C500E18E23F105C40054B225 /* Project 2 */,
			);
		};
/* End PBXProject section */

/* Begin PBXSourcesBuildPhase section */
		C500E18B23F105C40054B225 /* Sources */ = {
			isa = PBXSourcesBuildPhase;
			buildActionMask = 2147483647;
			files = (
				C513C2F423FBA0CD00701263 /* Makefile in Sources */,
			);
			runOnlyForDeploymentPostprocessing = 0;
		};
/* End PBXSourcesBuildPhase section */

/* Begin XCBuildConfiguration section */
		C500E19423F105C40054B225 /* Debug */ = {
			isa = XCBuildConfiguration;
			buildSettings = {
				ALWAYS_SEARCH_USER_PATHS = NO;
				CLANG_ANALYZER_NONNULL = YES;
				CLANG_ANALYZER_NUMBER_OBJECT_CONVERSION = YES_AGGRESSIVE;
				CLANG_CXX_LANGUAGE_STANDARD = "gnu++14";
				CLANG_CXX_LIBRARY = "libc++";
				CLANG_ENABLE_MODULES = YES;
				CLANG_ENABLE_OBJC_ARC = YES;
				CLANG_ENABLE_OBJC_WEAK = YES;
				CLANG_WARN_BLOCK_CAPTURE_AUTORELEASING = YES;
				CLANG_WARN_BOOL_CONVERSION = YES;
				CLANG_WARN_COMMA = YES;
				CLANG_WARN_CONSTANT_CONVERSION = YES;
				CLANG_WARN_DEPRECATED_OBJC_IMPLEMENTATIONS = YES;
				CLANG_WARN_DIRECT_OBJC_ISA_USAGE = YES_ERROR;
				CLANG_WARN_DOCUMENTATION_COMMENTS = YES;
				CLANG_WARN_EMPTY_BODY = YES;
				CLANG_WARN_ENUM_CONVERSION = YES;
				CLANG_WARN_INFINITE_RECURSION = YES;
				CLANG_WARN_INT_CONVERSION = YES;
				CLANG_WARN_NON_LITERAL_NULL_CONVERSION = YES;
				CLANG_WARN_OBJC_IMPLICIT_RETAIN_SELF = YES;
				CLANG_WARN_OBJC_LITERAL_CONVERSION = YES;
				CLANG_WARN_OBJC_ROOT_CLASS = YES_ERROR;
				CLANG_WARN_RANGE_LOOP_ANALYSIS = YES;
				CLANG_WARN_STRICT_PROTOTYPES = YES;
				CLANG_WARN_SUSPICIOUS_MOVE = YES;
				CLANG_WARN_UNGUARDED_AVAILABILITY = YES_AGGRESSIVE;
				CLANG_WARN_UNREACHABLE_CODE = YES;
				CLANG_WARN__DUPLICATE_METHOD_MATCH = YES;
				CODE_SIGN_IDENTITY = "-";
				COPY_PHASE_STRIP = NO;
				DEBUG_INFORMATION_FORMAT = dwarf;
				ENABLE_STRICT_OBJC_MSGSEND = YES;
				ENABLE_TESTABILITY = YES;
				GCC_C_LANGUAGE_STANDARD = gnu11;
				GCC_DYNAMIC_NO_PIC = NO;
				GCC_NO_COMMON_BLOCKS = YES;
				GCC_OPTIMIZATION_LEVEL = 0;
				GCC_PREPROCESSOR_DEFINITIONS = (
					"DEBUG=1",
					"$(inherited)",
				);
				GCC_WARN_64_TO_32_BIT_CONVERSION = YES;
				GCC_WARN_ABOUT_RETURN_TYPE = YES_ERROR;
				GCC_WARN_UNDECLARED_SELECTOR = YES;
				GCC_WARN_UNINITIALIZED_AUTOS = YES_AGGRESSIVE;
				GCC_WARN_UNUSED_FUNCTION = YES;
				GCC_WARN_UNUSED_VARIABLE = YES;
				MACOSX_DEPLOYMENT_TARGET = 10.14;
				MTL_ENABLE_DEBUG_INFO = INCLUDE_SOURCE;
				MTL_FAST_MATH = YES;
				ONLY_ACTIVE_ARCH = YES;
				SDKROOT = macosx;
			};
			name = Debug;
		};
		C500E19523F105C40054B225 /* Release */ = {
			isa = XCBuildConfiguration;
			buildSettings = {
				ALWAYS_SEARCH_USER_PATHS = NO;
				CLANG_ANALYZER_NONNULL = YES;
				CLANG_ANALYZER_NUMBER_OBJECT_CONVERSION = YES_AGGRESSIVE;
				CLANG_CXX_LANGUAGE_STANDARD = "gnu++14";
				CLANG_CXX_LIBRARY = "libc++";
				CLANG_ENABLE_MODULES = YES;
				CLANG_ENABLE_OBJC_ARC = YES;
				CLANG_ENABLE_OBJC_WEAK = YES;
				CLANG_WARN_BLOCK_CAPTURE_AUTORELEASING = YES;
				CLANG_WARN_BOOL_CONVERSION = YES;
				CLANG_WARN_COMMA = YES;
				CLANG_WARN_CONSTANT_CONVERSION = YES;
				CLANG_WARN_DEPRECATED_OBJC_IMPLEMENTATIONS = YES;
				CLANG_WARN_DIRECT_OBJC_ISA_USAGE = YES_ERROR;
				CLANG_WARN_DOCUMENTATION_COMMENTS = YES;
				CLANG_WARN_EMPTY_BODY = YES;
				CLANG_WARN_ENUM_CONVERSION = YES;
				CLANG_WARN_INFINITE_RECURSION = YES;
				CLANG_WARN_INT_CONVERSION = YES;
				CLANG_WARN_NON_LITERAL_NULL_CONVERSION = YES;
				CLANG_WARN_OBJC_IMPLICIT_RETAIN_SELF = YES;
				CLANG_WARN_OBJC_LITERAL_CONVERSION = YES;
				CLANG_WARN_OBJC_ROOT_CLASS = YES_ERROR;
				CLANG_WARN_RANGE_LOOP_ANALYSIS = YES;
				CLANG_WARN_STRICT_PROTOTYPES = YES;
				CLANG_WARN_SUSPICIOUS_MOVE = YES;
				CLANG_WARN_UNGUARDED_AVAILABILITY = YES_AGGRESSIVE;
				CLANG_WARN_UNREACHABLE_CODE = YES;
				CLANG_WARN__DUPLICATE_METHOD_MATCH = YES;
				CODE_SIGN_IDENTITY = "-";
				COPY_PHASE_STRIP = NO;
				DEBUG_INFORMATION_FORMAT = "dwarf-with-dsym";
				ENABLE_NS_ASSERTIONS = NO;
				ENABLE_STRICT_OBJC_MSGSEND = YES;
				GCC_C_LANGUAGE_STANDARD = gnu11;
				GCC_NO_COMMON_BLOCKS = YES;
				GCC_WARN_64_TO_32_BIT_CONVERSION = YES;
				GCC_WARN_ABOUT_RETURN_TYPE = YES_ERROR;
				GCC_WARN_UNDECLARED_SELECTOR = YES;
				GCC_WARN_UNINITIALIZED_AUTOS = YES_AGGRESSIVE;
				GCC_WARN_UNUSED_FUNCTION = YES;
				GCC_WARN_UNUSED_VARIABLE = YES;
				MACOSX_DEPLOYMENT_TARGET = 10.14;
				MTL_ENABLE_DEBUG_INFO = NO;
				MTL_FAST_MATH = YES;
				SDKROOT = macosx;
			};
			name = Release;
		};
		C500E19723F105C40054B225 /* Debug */ = {
			isa = XCBuildConfiguration;
			buildSettings = {
				CODE_SIGN_STYLE = Automatic;
				PRODUCT_NAME = "$(TARGET_NAME)";
			};
			name = Debug;
		};
		C500E19823F105C40054B225 /* Release */ = {
			isa = XCBuildConfiguration;
			buildSettings = {
				CODE_SIGN_STYLE = Automatic;
				PRODUCT_NAME = "$(TARGET_NAME)";
			};
			name = Release;
		};
/* End XCBuildConfiguration section */

/* Begin XCConfigurationList section */
		C500E18A23F105C40054B225 /* Build configuration list for PBXProject "Project 2" */ = {
			isa = XCConfigurationList;
			buildConfigurations = (
				C500E19423F105C40054B225 /* Debug */,
				C500E19523F105C40054B225 /* Release */,
			);
			defaultConfigurationIsVisible = 0;
			defaultConfigurationName = Release;
		};
		C500E19623F105C40054B225 /* Build configuration list for PBXNativeTarget "Project 2" */ = {
			isa = XCConfigurationList;
			buildConfigurations = (
				C500E19723F105C40054B225 /* Debug */,
				C500E19823F105C40054B225 /* Release */,
			);
			defaultConfigurationIsVisible = 0;
			defaultConfigurationName = Release;
		};
/* End XCConfigurationList section */
	};
	rootObject = C500E18723F105C40054B225 /* Project object */;
}
